
Microsoft Visual Studio Solution File, Format Version 12.00
# Visual Studio Version 17
VisualStudioVersion = 17.11.35327.3
MinimumVisualStudioVersion = 10.0.40219.1
Project("{FAE04EC0-301F-11D3-BF4B-00C04F79EFBC}") = "ProjektDomowy", "ProjektDomowy.csproj", "{AE212019-2221-4D04-9EB2-860D0D8D5DA7}"
EndProject
Global
	GlobalSection(SolutionConfigurationPlatforms) = preSolution
		Debug|Any CPU = Debug|Any CPU
		Release|Any CPU = Release|Any CPU
	EndGlobalSection
	GlobalSection(ProjectConfigurationPlatforms) = postSolution
		{AE212019-2221-4D04-9EB2-860D0D8D5DA7}.Debug|Any CPU.ActiveCfg = Debug|Any CPU
		{AE212019-2221-4D04-9EB2-860D0D8D5DA7}.Debug|Any CPU.Build.0 = Debug|Any CPU
		{AE212019-2221-4D04-9EB2-860D0D8D5DA7}.Release|Any CPU.ActiveCfg = Release|Any CPU
		{AE212019-2221-4D04-9EB2-860D0D8D5DA7}.Release|Any CPU.Build.0 = Release|Any CPU
	EndGlobalSection
	GlobalSection(SolutionProperties) = preSolution
		HideSolutionNode = FALSE
	EndGlobalSection
	GlobalSection(ExtensibilityGlobals) = postSolution
		SolutionGuid = {9E1169D2-2449-4E02-B730-08B17416048E}
	EndGlobalSection
EndGlobal
